
Microsoft Visual Studio Solution File, Format Version 12.00
# Visual Studio Version 17
VisualStudioVersion = 17.10.34607.79
MinimumVisualStudioVersion = 10.0.40219.1
Project("{9A19103F-16F7-4668-BE54-9A1E7A4F7556}") = "Harmonee.Shared", "Harmonee.Shared\Harmonee.Shared.csproj", "{5E0E41A4-0116-4432-9DD7-D671A50F1315}"
EndProject
Project("{9A19103F-16F7-4668-BE54-9A1E7A4F7556}") = "Harmonee.API", "Harmonee.API\Harmonee.API.csproj", "{8F3963B9-EF51-458F-805A-E24107016E95}"
EndProject
Project("{9A19103F-16F7-4668-BE54-9A1E7A4F7556}") = "Harmonee.UI", "Harmonee.BlazorServerUI\Harmonee.UI.csproj", "{C3382A73-B6C6-4685-BA0E-7D868612CF61}"
EndProject
Global
	GlobalSection(SolutionConfigurationPlatforms) = preSolution
		Debug|Any CPU = Debug|Any CPU
		Release|Any CPU = Release|Any CPU
	EndGlobalSection
	GlobalSection(ProjectConfigurationPlatforms) = postSolution
		{5E0E41A4-0116-4432-9DD7-D671A50F1315}.Debug|Any CPU.ActiveCfg = Debug|Any CPU
		{5E0E41A4-0116-4432-9DD7-D671A50F1315}.Debug|Any CPU.Build.0 = Debug|Any CPU
		{5E0E41A4-0116-4432-9DD7-D671A50F1315}.Release|Any CPU.ActiveCfg = Release|Any CPU
		{5E0E41A4-0116-4432-9DD7-D671A50F1315}.Release|Any CPU.Build.0 = Release|Any CPU
		{8F3963B9-EF51-458F-805A-E24107016E95}.Debug|Any CPU.ActiveCfg = Debug|Any CPU
		{8F3963B9-EF51-458F-805A-E24107016E95}.Debug|Any CPU.Build.0 = Debug|Any CPU
		{8F3963B9-EF51-458F-805A-E24107016E95}.Release|Any CPU.ActiveCfg = Release|Any CPU
		{8F3963B9-EF51-458F-805A-E24107016E95}.Release|Any CPU.Build.0 = Release|Any CPU
		{C3382A73-B6C6-4685-BA0E-7D868612CF61}.Debug|Any CPU.ActiveCfg = Debug|Any CPU
		{C3382A73-B6C6-4685-BA0E-7D868612CF61}.Debug|Any CPU.Build.0 = Debug|Any CPU
		{C3382A73-B6C6-4685-BA0E-7D868612CF61}.Release|Any CPU.ActiveCfg = Release|Any CPU
		{C3382A73-B6C6-4685-BA0E-7D868612CF61}.Release|Any CPU.Build.0 = Release|Any CPU
	EndGlobalSection
	GlobalSection(SolutionProperties) = preSolution
		HideSolutionNode = FALSE
	EndGlobalSection
	GlobalSection(ExtensibilityGlobals) = postSolution
		SolutionGuid = {A055E834-589B-4C7E-A568-FA63ABADCCA6}
	EndGlobalSection
EndGlobal
