
Microsoft Visual Studio Solution File, Format Version 12.00
# Visual Studio Version 17
VisualStudioVersion = 17.10.34607.79
MinimumVisualStudioVersion = 10.0.40219.1
Project("{FAE04EC0-301F-11D3-BF4B-00C04F79EFBC}") = "Harmonee.UI", "Harmonee.UI\Harmonee.UI\Harmonee.UI.csproj", "{FCCE2E54-B59C-424A-9DEC-9E16A2FE64E4}"
EndProject
Project("{FAE04EC0-301F-11D3-BF4B-00C04F79EFBC}") = "Harmonee.UI.Client", "Harmonee.UI\Harmonee.UI.Client\Harmonee.UI.Client.csproj", "{6DF92033-3366-48EF-B85F-E07D6E231F41}"
EndProject
Project("{FAE04EC0-301F-11D3-BF4B-00C04F79EFBC}") = "Harmonee.Shared", "Harmonee.Shared\Harmonee.Shared.csproj", "{5E0E41A4-0116-4432-9DD7-D671A50F1315}"
EndProject
Project("{FAE04EC0-301F-11D3-BF4B-00C04F79EFBC}") = "Harmonee.API", "Harmonee.API\Harmonee.API.csproj", "{8F3963B9-EF51-458F-805A-E24107016E95}"
EndProject
Global
	GlobalSection(SolutionConfigurationPlatforms) = preSolution
		Debug|Any CPU = Debug|Any CPU
		Release|Any CPU = Release|Any CPU
	EndGlobalSection
	GlobalSection(ProjectConfigurationPlatforms) = postSolution
		{FCCE2E54-B59C-424A-9DEC-9E16A2FE64E4}.Debug|Any CPU.ActiveCfg = Debug|Any CPU
		{FCCE2E54-B59C-424A-9DEC-9E16A2FE64E4}.Debug|Any CPU.Build.0 = Debug|Any CPU
		{FCCE2E54-B59C-424A-9DEC-9E16A2FE64E4}.Release|Any CPU.ActiveCfg = Release|Any CPU
		{FCCE2E54-B59C-424A-9DEC-9E16A2FE64E4}.Release|Any CPU.Build.0 = Release|Any CPU
		{6DF92033-3366-48EF-B85F-E07D6E231F41}.Debug|Any CPU.ActiveCfg = Debug|Any CPU
		{6DF92033-3366-48EF-B85F-E07D6E231F41}.Debug|Any CPU.Build.0 = Debug|Any CPU
		{6DF92033-3366-48EF-B85F-E07D6E231F41}.Release|Any CPU.ActiveCfg = Release|Any CPU
		{6DF92033-3366-48EF-B85F-E07D6E231F41}.Release|Any CPU.Build.0 = Release|Any CPU
		{5E0E41A4-0116-4432-9DD7-D671A50F1315}.Debug|Any CPU.ActiveCfg = Debug|Any CPU
		{5E0E41A4-0116-4432-9DD7-D671A50F1315}.Debug|Any CPU.Build.0 = Debug|Any CPU
		{5E0E41A4-0116-4432-9DD7-D671A50F1315}.Release|Any CPU.ActiveCfg = Release|Any CPU
		{5E0E41A4-0116-4432-9DD7-D671A50F1315}.Release|Any CPU.Build.0 = Release|Any CPU
		{8F3963B9-EF51-458F-805A-E24107016E95}.Debug|Any CPU.ActiveCfg = Debug|Any CPU
		{8F3963B9-EF51-458F-805A-E24107016E95}.Debug|Any CPU.Build.0 = Debug|Any CPU
		{8F3963B9-EF51-458F-805A-E24107016E95}.Release|Any CPU.ActiveCfg = Release|Any CPU
		{8F3963B9-EF51-458F-805A-E24107016E95}.Release|Any CPU.Build.0 = Release|Any CPU
	EndGlobalSection
	GlobalSection(SolutionProperties) = preSolution
		HideSolutionNode = FALSE
	EndGlobalSection
	GlobalSection(ExtensibilityGlobals) = postSolution
		SolutionGuid = {A055E834-589B-4C7E-A568-FA63ABADCCA6}
	EndGlobalSection
EndGlobal
